Microsoft Visual Studio Solution File, Format Version 12.00
# Visual Studio 2012
Project("{FAE04EC0-301F-11D3-BF4B-00C04F79EFBC}") = "Flopping Fish", "Flopping Fish.csproj", "{39D82D0D-94A9-4DF1-9847-B586E1C07D00}"
EndProject
Global
	GlobalSection(SolutionConfigurationPlatforms) = preSolution
	Debug|Any CPU = Debug|Any CPU
	ExportDebug|Any CPU = ExportDebug|Any CPU
	ExportRelease|Any CPU = ExportRelease|Any CPU
	EndGlobalSection
	GlobalSection(ProjectConfigurationPlatforms) = postSolution
		{39D82D0D-94A9-4DF1-9847-B586E1C07D00}.Debug|Any CPU.ActiveCfg = Debug|Any CPU
		{39D82D0D-94A9-4DF1-9847-B586E1C07D00}.Debug|Any CPU.Build.0 = Debug|Any CPU
		{39D82D0D-94A9-4DF1-9847-B586E1C07D00}.ExportDebug|Any CPU.ActiveCfg = ExportDebug|Any CPU
		{39D82D0D-94A9-4DF1-9847-B586E1C07D00}.ExportDebug|Any CPU.Build.0 = ExportDebug|Any CPU
		{39D82D0D-94A9-4DF1-9847-B586E1C07D00}.ExportRelease|Any CPU.ActiveCfg = ExportRelease|Any CPU
		{39D82D0D-94A9-4DF1-9847-B586E1C07D00}.ExportRelease|Any CPU.Build.0 = ExportRelease|Any CPU
	EndGlobalSection
EndGlobal
